
Microsoft Visual Studio Solution File, Format Version 12.00
# Visual Studio Version 17
VisualStudioVersion = 17.8.34511.84
MinimumVisualStudioVersion = 10.0.40219.1
Project("{9A19103F-16F7-4668-BE54-9A1E7A4F7556}") = "InventoryProducer", "InventoryProducer\InventoryProducer.csproj", "{053EEC3F-0C9A-4D26-AFC3-681C4EEB865A}"
EndProject
Project("{9A19103F-16F7-4668-BE54-9A1E7A4F7556}") = "InventoryConsumer", "InventoryConsumer\InventoryConsumer.csproj", "{EC05D3B0-6384-4B15-929F-C60CC7EA3DC9}"
EndProject
Global
	GlobalSection(SolutionConfigurationPlatforms) = preSolution
		Debug|Any CPU = Debug|Any CPU
		Release|Any CPU = Release|Any CPU
	EndGlobalSection
	GlobalSection(ProjectConfigurationPlatforms) = postSolution
		{053EEC3F-0C9A-4D26-AFC3-681C4EEB865A}.Debug|Any CPU.ActiveCfg = Debug|Any CPU
		{053EEC3F-0C9A-4D26-AFC3-681C4EEB865A}.Debug|Any CPU.Build.0 = Debug|Any CPU
		{053EEC3F-0C9A-4D26-AFC3-681C4EEB865A}.Release|Any CPU.ActiveCfg = Release|Any CPU
		{053EEC3F-0C9A-4D26-AFC3-681C4EEB865A}.Release|Any CPU.Build.0 = Release|Any CPU
		{EC05D3B0-6384-4B15-929F-C60CC7EA3DC9}.Debug|Any CPU.ActiveCfg = Debug|Any CPU
		{EC05D3B0-6384-4B15-929F-C60CC7EA3DC9}.Debug|Any CPU.Build.0 = Debug|Any CPU
		{EC05D3B0-6384-4B15-929F-C60CC7EA3DC9}.Release|Any CPU.ActiveCfg = Release|Any CPU
		{EC05D3B0-6384-4B15-929F-C60CC7EA3DC9}.Release|Any CPU.Build.0 = Release|Any CPU
	EndGlobalSection
	GlobalSection(SolutionProperties) = preSolution
		HideSolutionNode = FALSE
	EndGlobalSection
	GlobalSection(ExtensibilityGlobals) = postSolution
		SolutionGuid = {C7A29506-970E-44AF-8B92-242C01EE2AC1}
	EndGlobalSection
EndGlobal
